
Microsoft Visual Studio Solution File, Format Version 12.00
# Visual Studio Version 16
VisualStudioVersion = 16.0.33130.400
MinimumVisualStudioVersion = 10.0.40219.1
Project("{FAE04EC0-301F-11D3-BF4B-00C04F79EFBC}") = "WindowsFormsAppGithub", "WindowsFormsAppGithub.csproj", "{B2B3066B-4B3F-411B-A231-7C69D0AEADBA}"
EndProject
Global
	GlobalSection(SolutionConfigurationPlatforms) = preSolution
		Debug|Any CPU = Debug|Any CPU
		Release|Any CPU = Release|Any CPU
	EndGlobalSection
	GlobalSection(ProjectConfigurationPlatforms) = postSolution
		{B2B3066B-4B3F-411B-A231-7C69D0AEADBA}.Debug|Any CPU.ActiveCfg = Debug|Any CPU
		{B2B3066B-4B3F-411B-A231-7C69D0AEADBA}.Debug|Any CPU.Build.0 = Debug|Any CPU
		{B2B3066B-4B3F-411B-A231-7C69D0AEADBA}.Release|Any CPU.ActiveCfg = Release|Any CPU
		{B2B3066B-4B3F-411B-A231-7C69D0AEADBA}.Release|Any CPU.Build.0 = Release|Any CPU
	EndGlobalSection
	GlobalSection(SolutionProperties) = preSolution
		HideSolutionNode = FALSE
	EndGlobalSection
	GlobalSection(ExtensibilityGlobals) = postSolution
		SolutionGuid = {E38CCAAA-D748-4931-9667-1F949E4FAF83}
	EndGlobalSection
EndGlobal
